// !$*UTF8*$!
{
	archiveVersion = 1;
	classes = {
	};
	objectVersion = 55;
	objects = {

/* Begin PBXBuildFile section */
		B405B54F27E9FD52006C3A0C /* AppDelegate.swift in Sources */ = {isa = PBXBuildFile; fileRef = B405B54E27E9FD52006C3A0C /* AppDelegate.swift */; };
		B405B55127E9FD52006C3A0C /* SceneDelegate.swift in Sources */ = {isa = PBXBuildFile; fileRef = B405B55027E9FD52006C3A0C /* SceneDelegate.swift */; };
		B405B55327E9FD52006C3A0C /* ViewController.swift in Sources */ = {isa = PBXBuildFile; fileRef = B405B55227E9FD52006C3A0C /* ViewController.swift */; };
		B405B55627E9FD52006C3A0C /* Main.storyboard in Resources */ = {isa = PBXBuildFile; fileRef = B405B55427E9FD52006C3A0C /* Main.storyboard */; };
		B405B55827E9FD57006C3A0C /* Assets.xcassets in Resources */ = {isa = PBXBuildFile; fileRef = B405B55727E9FD57006C3A0C /* Assets.xcassets */; };
		B405B55B27E9FD57006C3A0C /* LaunchScreen.storyboard in Resources */ = {isa = PBXBuildFile; fileRef = B405B55927E9FD57006C3A0C /* LaunchScreen.storyboard */; };
		B405B56627E9FD57006C3A0C /* RxSwift_MVVM_NewsAPITests.swift in Sources */ = {isa = PBXBuildFile; fileRef = B405B56527E9FD57006C3A0C /* RxSwift_MVVM_NewsAPITests.swift */; };
		B405B57027E9FD57006C3A0C /* RxSwift_MVVM_NewsAPIUITests.swift in Sources */ = {isa = PBXBuildFile; fileRef = B405B56F27E9FD57006C3A0C /* RxSwift_MVVM_NewsAPIUITests.swift */; };
		B405B57227E9FD58006C3A0C /* RxSwift_MVVM_NewsAPIUITestsLaunchTests.swift in Sources */ = {isa = PBXBuildFile; fileRef = B405B57127E9FD58006C3A0C /* RxSwift_MVVM_NewsAPIUITestsLaunchTests.swift */; };
/* End PBXBuildFile section */

/* Begin PBXContainerItemProxy section */
		B405B56227E9FD57006C3A0C /* PBXContainerItemProxy */ = {
			isa = PBXContainerItemProxy;
			containerPortal = B405B54327E9FD52006C3A0C /* Project object */;
			proxyType = 1;
			remoteGlobalIDString = B405B54A27E9FD52006C3A0C;
			remoteInfo = "RxSwift-MVVM-NewsAPI";
		};
		B405B56C27E9FD57006C3A0C /* PBXContainerItemProxy */ = {
			isa = PBXContainerItemProxy;
			containerPortal = B405B54327E9FD52006C3A0C /* Project object */;
			proxyType = 1;
			remoteGlobalIDString = B405B54A27E9FD52006C3A0C;
			remoteInfo = "RxSwift-MVVM-NewsAPI";
		};
/* End PBXContainerItemProxy section */

/* Begin PBXFileReference section */
		B405B54B27E9FD52006C3A0C /* RxSwift-MVVM-NewsAPI.app */ = {isa = PBXFileReference; explicitFileType = wrapper.application; includeInIndex = 0; path = "RxSwift-MVVM-NewsAPI.app"; sourceTree = BUILT_PRODUCTS_DIR; };
		B405B54E27E9FD52006C3A0C /* AppDelegate.swift */ = {isa = PBXFileReference; lastKnownFileType = sourcecode.swift; path = AppDelegate.swift; sourceTree = "<group>"; };
		B405B55027E9FD52006C3A0C /* SceneDelegate.swift */ = {isa = PBXFileReference; lastKnownFileType = sourcecode.swift; path = SceneDelegate.swift; sourceTree = "<group>"; };
		B405B55227E9FD52006C3A0C /* ViewController.swift */ = {isa = PBXFileReference; lastKnownFileType = sourcecode.swift; path = ViewController.swift; sourceTree = "<group>"; };
		B405B55527E9FD52006C3A0C /* Base */ = {isa = PBXFileReference; lastKnownFileType = file.storyboard; name = Base; path = Base.lproj/Main.storyboard; sourceTree = "<group>"; };
		B405B55727E9FD57006C3A0C /* Assets.xcassets */ = {isa = PBXFileReference; lastKnownFileType = folder.assetcatalog; path = Assets.xcassets; sourceTree = "<group>"; };
		B405B55A27E9FD57006C3A0C /* Base */ = {isa = PBXFileReference; lastKnownFileType = file.storyboard; name = Base; path = Base.lproj/LaunchScreen.storyboard; sourceTree = "<group>"; };
		B405B55C27E9FD57006C3A0C /* Info.plist */ = {isa = PBXFileReference; lastKnownFileType = text.plist.xml; path = Info.plist; sourceTree = "<group>"; };
		B405B56127E9FD57006C3A0C /* RxSwift-MVVM-NewsAPITests.xctest */ = {isa = PBXFileReference; explicitFileType = wrapper.cfbundle; includeInIndex = 0; path = "RxSwift-MVVM-NewsAPITests.xctest"; sourceTree = BUILT_PRODUCTS_DIR; };
		B405B56527E9FD57006C3A0C /* RxSwift_MVVM_NewsAPITests.swift */ = {isa = PBXFileReference; lastKnownFileType = sourcecode.swift; path = RxSwift_MVVM_NewsAPITests.swift; sourceTree = "<group>"; };
		B405B56B27E9FD57006C3A0C /* RxSwift-MVVM-NewsAPIUITests.xctest */ = {isa = PBXFileReference; explicitFileType = wrapper.cfbundle; includeInIndex = 0; path = "RxSwift-MVVM-NewsAPIUITests.xctest"; sourceTree = BUILT_PRODUCTS_DIR; };
		B405B56F27E9FD57006C3A0C /* RxSwift_MVVM_NewsAPIUITests.swift */ = {isa = PBXFileReference; lastKnownFileType = sourcecode.swift; path = RxSwift_MVVM_NewsAPIUITests.swift; sourceTree = "<group>"; };
		B405B57127E9FD58006C3A0C /* RxSwift_MVVM_NewsAPIUITestsLaunchTests.swift */ = {isa = PBXFileReference; lastKnownFileType = sourcecode.swift; path = RxSwift_MVVM_NewsAPIUITestsLaunchTests.swift; sourceTree = "<group>"; };
/* End PBXFileReference section */

/* Begin PBXFrameworksBuildPhase section */
		B405B54827E9FD52006C3A0C /* Frameworks */ = {
			isa = PBXFrameworksBuildPhase;
			buildActionMask = 2147483647;
			files = (
			);
			runOnlyForDeploymentPostprocessing = 0;
		};
		B405B55E27E9FD57006C3A0C /* Frameworks */ = {
			isa = PBXFrameworksBuildPhase;
			buildActionMask = 2147483647;
			files = (
			);
			runOnlyForDeploymentPostprocessing = 0;
		};
		B405B56827E9FD57006C3A0C /* Frameworks */ = {
			isa = PBXFrameworksBuildPhase;
			buildActionMask = 2147483647;
			files = (
			);
			runOnlyForDeploymentPostprocessing = 0;
		};
/* End PBXFrameworksBuildPhase section */

/* Begin PBXGroup section */
		B405B54227E9FD52006C3A0C = {
			isa = PBXGroup;
			children = (
				B405B54D27E9FD52006C3A0C /* RxSwift-MVVM-NewsAPI */,
				B405B56427E9FD57006C3A0C /* RxSwift-MVVM-NewsAPITests */,
				B405B56E27E9FD57006C3A0C /* RxSwift-MVVM-NewsAPIUITests */,
				B405B54C27E9FD52006C3A0C /* Products */,
			);
			sourceTree = "<group>";
		};
		B405B54C27E9FD52006C3A0C /* Products */ = {
			isa = PBXGroup;
			children = (
				B405B54B27E9FD52006C3A0C /* RxSwift-MVVM-NewsAPI.app */,
				B405B56127E9FD57006C3A0C /* RxSwift-MVVM-NewsAPITests.xctest */,
				B405B56B27E9FD57006C3A0C /* RxSwift-MVVM-NewsAPIUITests.xctest */,
			);
			name = Products;
			sourceTree = "<group>";
		};
		B405B54D27E9FD52006C3A0C /* RxSwift-MVVM-NewsAPI */ = {
			isa = PBXGroup;
			children = (
				B405B54E27E9FD52006C3A0C /* AppDelegate.swift */,
				B405B55027E9FD52006C3A0C /* SceneDelegate.swift */,
				B405B55227E9FD52006C3A0C /* ViewController.swift */,
				B405B55427E9FD52006C3A0C /* Main.storyboard */,
				B405B55727E9FD57006C3A0C /* Assets.xcassets */,
				B405B55927E9FD57006C3A0C /* LaunchScreen.storyboard */,
				B405B55C27E9FD57006C3A0C /* Info.plist */,
			);
			path = "RxSwift-MVVM-NewsAPI";
			sourceTree = "<group>";
		};
		B405B56427E9FD57006C3A0C /* RxSwift-MVVM-NewsAPITests */ = {
			isa = PBXGroup;
			children = (
				B405B56527E9FD57006C3A0C /* RxSwift_MVVM_NewsAPITests.swift */,
			);
			path = "RxSwift-MVVM-NewsAPITests";
			sourceTree = "<group>";
		};
		B405B56E27E9FD57006C3A0C /* RxSwift-MVVM-NewsAPIUITests */ = {
			isa = PBXGroup;
			children = (
				B405B56F27E9FD57006C3A0C /* RxSwift_MVVM_NewsAPIUITests.swift */,
				B405B57127E9FD58006C3A0C /* RxSwift_MVVM_NewsAPIUITestsLaunchTests.swift */,
			);
			path = "RxSwift-MVVM-NewsAPIUITests";
			sourceTree = "<group>";
		};
/* End PBXGroup section */

/* Begin PBXNativeTarget section */
		B405B54A27E9FD52006C3A0C /* RxSwift-MVVM-NewsAPI */ = {
			isa = PBXNativeTarget;
			buildConfigurationList = B405B57527E9FD58006C3A0C /* Build configuration list for PBXNativeTarget "RxSwift-MVVM-NewsAPI" */;
			buildPhases = (
				B405B54727E9FD52006C3A0C /* Sources */,
				B405B54827E9FD52006C3A0C /* Frameworks */,
				B405B54927E9FD52006C3A0C /* Resources */,
			);
			buildRules = (
			);
			dependencies = (
			);
			name = "RxSwift-MVVM-NewsAPI";
			productName = "RxSwift-MVVM-NewsAPI";
			productReference = B405B54B27E9FD52006C3A0C /* RxSwift-MVVM-NewsAPI.app */;
			productType = "com.apple.product-type.application";
		};
		B405B56027E9FD57006C3A0C /* RxSwift-MVVM-NewsAPITests */ = {
			isa = PBXNativeTarget;
			buildConfigurationList = B405B57827E9FD58006C3A0C /* Build configuration list for PBXNativeTarget "RxSwift-MVVM-NewsAPITests" */;
			buildPhases = (
				B405B55D27E9FD57006C3A0C /* Sources */,
				B405B55E27E9FD57006C3A0C /* Frameworks */,
				B405B55F27E9FD57006C3A0C /* Resources */,
			);
			buildRules = (
			);
			dependencies = (
				B405B56327E9FD57006C3A0C /* PBXTargetDependency */,
			);
			name = "RxSwift-MVVM-NewsAPITests";
			productName = "RxSwift-MVVM-NewsAPITests";
			productReference = B405B56127E9FD57006C3A0C /* RxSwift-MVVM-NewsAPITests.xctest */;
			productType = "com.apple.product-type.bundle.unit-test";
		};
		B405B56A27E9FD57006C3A0C /* RxSwift-MVVM-NewsAPIUITests */ = {
			isa = PBXNativeTarget;
			buildConfigurationList = B405B57B27E9FD58006C3A0C /* Build configuration list for PBXNativeTarget "RxSwift-MVVM-NewsAPIUITests" */;
			buildPhases = (
				B405B56727E9FD57006C3A0C /* Sources */,
				B405B56827E9FD57006C3A0C /* Frameworks */,
				B405B56927E9FD57006C3A0C /* Resources */,
			);
			buildRules = (
			);
			dependencies = (
				B405B56D27E9FD57006C3A0C /* PBXTargetDependency */,
			);
			name = "RxSwift-MVVM-NewsAPIUITests";
			productName = "RxSwift-MVVM-NewsAPIUITests";
			productReference = B405B56B27E9FD57006C3A0C /* RxSwift-MVVM-NewsAPIUITests.xctest */;
			productType = "com.apple.product-type.bundle.ui-testing";
		};
/* End PBXNativeTarget section */

/* Begin PBXProject section */
		B405B54327E9FD52006C3A0C /* Project object */ = {
			isa = PBXProject;
			attributes = {
				BuildIndependentTargetsInParallel = 1;
				LastSwiftUpdateCheck = 1320;
				LastUpgradeCheck = 1320;
				TargetAttributes = {
					B405B54A27E9FD52006C3A0C = {
						CreatedOnToolsVersion = 13.2.1;
					};
					B405B56027E9FD57006C3A0C = {
						CreatedOnToolsVersion = 13.2.1;
						TestTargetID = B405B54A27E9FD52006C3A0C;
					};
					B405B56A27E9FD57006C3A0C = {
						CreatedOnToolsVersion = 13.2.1;
						TestTargetID = B405B54A27E9FD52006C3A0C;
					};
				};
			};
			buildConfigurationList = B405B54627E9FD52006C3A0C /* Build configuration list for PBXProject "RxSwift-MVVM-NewsAPI" */;
			compatibilityVersion = "Xcode 13.0";
			developmentRegion = en;
			hasScannedForEncodings = 0;
			knownRegions = (
				en,
				Base,
			);
			mainGroup = B405B54227E9FD52006C3A0C;
			productRefGroup = B405B54C27E9FD52006C3A0C /* Products */;
			projectDirPath = "";
			projectRoot = "";
			targets = (
				B405B54A27E9FD52006C3A0C /* RxSwift-MVVM-NewsAPI */,
				B405B56027E9FD57006C3A0C /* RxSwift-MVVM-NewsAPITests */,
				B405B56A27E9FD57006C3A0C /* RxSwift-MVVM-NewsAPIUITests */,
			);
		};
/* End PBXProject section */

/* Begin PBXResourcesBuildPhase section */
		B405B54927E9FD52006C3A0C /* Resources */ = {
			isa = PBXResourcesBuildPhase;
			buildActionMask = 2147483647;
			files = (
				B405B55B27E9FD57006C3A0C /* LaunchScreen.storyboard in Resources */,
				B405B55827E9FD57006C3A0C /* Assets.xcassets in Resources */,
				B405B55627E9FD52006C3A0C /* Main.storyboard in Resources */,
			);
			runOnlyForDeploymentPostprocessing = 0;
		};
		B405B55F27E9FD57006C3A0C /* Resources */ = {
			isa = PBXResourcesBuildPhase;
			buildActionMask = 2147483647;
			files = (
			);
			runOnlyForDeploymentPostprocessing = 0;
		};
		B405B56927E9FD57006C3A0C /* Resources */ = {
			isa = PBXResourcesBuildPhase;
			buildActionMask = 2147483647;
			files = (
			);
			runOnlyForDeploymentPostprocessing = 0;
		};
/* End PBXResourcesBuildPhase section */

/* Begin PBXSourcesBuildPhase section */
		B405B54727E9FD52006C3A0C /* Sources */ = {
			isa = PBXSourcesBuildPhase;
			buildActionMask = 2147483647;
			files = (
				B405B55327E9FD52006C3A0C /* ViewController.swift in Sources */,
				B405B54F27E9FD52006C3A0C /* AppDelegate.swift in Sources */,
				B405B55127E9FD52006C3A0C /* SceneDelegate.swift in Sources */,
			);
			runOnlyForDeploymentPostprocessing = 0;
		};
		B405B55D27E9FD57006C3A0C /* Sources */ = {
			isa = PBXSourcesBuildPhase;
			buildActionMask = 2147483647;
			files = (
				B405B56627E9FD57006C3A0C /* RxSwift_MVVM_NewsAPITests.swift in Sources */,
			);
			runOnlyForDeploymentPostprocessing = 0;
		};
		B405B56727E9FD57006C3A0C /* Sources */ = {
			isa = PBXSourcesBuildPhase;
			buildActionMask = 2147483647;
			files = (
				B405B57227E9FD58006C3A0C /* RxSwift_MVVM_NewsAPIUITestsLaunchTests.swift in Sources */,
				B405B57027E9FD57006C3A0C /* RxSwift_MVVM_NewsAPIUITests.swift in Sources */,
			);
			runOnlyForDeploymentPostprocessing = 0;
		};
/* End PBXSourcesBuildPhase section */

/* Begin PBXTargetDependency section */
		B405B56327E9FD57006C3A0C /* PBXTargetDependency */ = {
			isa = PBXTargetDependency;
			target = B405B54A27E9FD52006C3A0C /* RxSwift-MVVM-NewsAPI */;
			targetProxy = B405B56227E9FD57006C3A0C /* PBXContainerItemProxy */;
		};
		B405B56D27E9FD57006C3A0C /* PBXTargetDependency */ = {
			isa = PBXTargetDependency;
			target = B405B54A27E9FD52006C3A0C /* RxSwift-MVVM-NewsAPI */;
			targetProxy = B405B56C27E9FD57006C3A0C /* PBXContainerItemProxy */;
		};
/* End PBXTargetDependency section */

/* Begin PBXVariantGroup section */
		B405B55427E9FD52006C3A0C /* Main.storyboard */ = {
			isa = PBXVariantGroup;
			children = (
				B405B55527E9FD52006C3A0C /* Base */,
			);
			name = Main.storyboard;
			sourceTree = "<group>";
		};
		B405B55927E9FD57006C3A0C /* LaunchScreen.storyboard */ = {
			isa = PBXVariantGroup;
			children = (
				B405B55A27E9FD57006C3A0C /* Base */,
			);
			name = LaunchScreen.storyboard;
			sourceTree = "<group>";
		};
/* End PBXVariantGroup section */

/* Begin XCBuildConfiguration section */
		B405B57327E9FD58006C3A0C /* Debug */ = {
			isa = XCBuildConfiguration;
			buildSettings = {
				ALWAYS_SEARCH_USER_PATHS = NO;
				CLANG_ANALYZER_NONNULL = YES;
				CLANG_ANALYZER_NUMBER_OBJECT_CONVERSION = YES_AGGRESSIVE;
				CLANG_CXX_LANGUAGE_STANDARD = "gnu++17";
				CLANG_CXX_LIBRARY = "libc++";
				CLANG_ENABLE_MODULES = YES;
				CLANG_ENABLE_OBJC_ARC = YES;
				CLANG_ENABLE_OBJC_WEAK = YES;
				CLANG_WARN_BLOCK_CAPTURE_AUTORELEASING = YES;
				CLANG_WARN_BOOL_CONVERSION = YES;
				CLANG_WARN_COMMA = YES;
				CLANG_WARN_CONSTANT_CONVERSION = YES;
				CLANG_WARN_DEPRECATED_OBJC_IMPLEMENTATIONS = YES;
				CLANG_WARN_DIRECT_OBJC_ISA_USAGE = YES_ERROR;
				CLANG_WARN_DOCUMENTATION_COMMENTS = YES;
				CLANG_WARN_EMPTY_BODY = YES;
				CLANG_WARN_ENUM_CONVERSION = YES;
				CLANG_WARN_INFINITE_RECURSION = YES;
				CLANG_WARN_INT_CONVERSION = YES;
				CLANG_WARN_NON_LITERAL_NULL_CONVERSION = YES;
				CLANG_WARN_OBJC_IMPLICIT_RETAIN_SELF = YES;
				CLANG_WARN_OBJC_LITERAL_CONVERSION = YES;
				CLANG_WARN_OBJC_ROOT_CLASS = YES_ERROR;
				CLANG_WARN_QUOTED_INCLUDE_IN_FRAMEWORK_HEADER = YES;
				CLANG_WARN_RANGE_LOOP_ANALYSIS = YES;
				CLANG_WARN_STRICT_PROTOTYPES = YES;
				CLANG_WARN_SUSPICIOUS_MOVE = YES;
				CLANG_WARN_UNGUARDED_AVAILABILITY = YES_AGGRESSIVE;
				CLANG_WARN_UNREACHABLE_CODE = YES;
				CLANG_WARN__DUPLICATE_METHOD_MATCH = YES;
				COPY_PHASE_STRIP = NO;
				DEBUG_INFORMATION_FORMAT = dwarf;
				ENABLE_STRICT_OBJC_MSGSEND = YES;
				ENABLE_TESTABILITY = YES;
				GCC_C_LANGUAGE_STANDARD = gnu11;
				GCC_DYNAMIC_NO_PIC = NO;
				GCC_NO_COMMON_BLOCKS = YES;
				GCC_OPTIMIZATION_LEVEL = 0;
				GCC_PREPROCESSOR_DEFINITIONS = (
					"DEBUG=1",
					"$(inherited)",
				);
				GCC_WARN_64_TO_32_BIT_CONVERSION = YES;
				GCC_WARN_ABOUT_RETURN_TYPE = YES_ERROR;
				GCC_WARN_UNDECLARED_SELECTOR = YES;
				GCC_WARN_UNINITIALIZED_AUTOS = YES_AGGRESSIVE;
				GCC_WARN_UNUSED_FUNCTION = YES;
				GCC_WARN_UNUSED_VARIABLE = YES;
				IPHONEOS_DEPLOYMENT_TARGET = 15.2;
				MTL_ENABLE_DEBUG_INFO = INCLUDE_SOURCE;
				MTL_FAST_MATH = YES;
				ONLY_ACTIVE_ARCH = YES;
				SDKROOT = iphoneos;
				SWIFT_ACTIVE_COMPILATION_CONDITIONS = DEBUG;
				SWIFT_OPTIMIZATION_LEVEL = "-Onone";
			};
			name = Debug;
		};
		B405B57427E9FD58006C3A0C /* Release */ = {
			isa = XCBuildConfiguration;
			buildSettings = {
				ALWAYS_SEARCH_USER_PATHS = NO;
				CLANG_ANALYZER_NONNULL = YES;
				CLANG_ANALYZER_NUMBER_OBJECT_CONVERSION = YES_AGGRESSIVE;
				CLANG_CXX_LANGUAGE_STANDARD = "gnu++17";
				CLANG_CXX_LIBRARY = "libc++";
				CLANG_ENABLE_MODULES = YES;
				CLANG_ENABLE_OBJC_ARC = YES;
				CLANG_ENABLE_OBJC_WEAK = YES;
				CLANG_WARN_BLOCK_CAPTURE_AUTORELEASING = YES;
				CLANG_WARN_BOOL_CONVERSION = YES;
				CLANG_WARN_COMMA = YES;
				CLANG_WARN_CONSTANT_CONVERSION = YES;
				CLANG_WARN_DEPRECATED_OBJC_IMPLEMENTATIONS = YES;
				CLANG_WARN_DIRECT_OBJC_ISA_USAGE = YES_ERROR;
				CLANG_WARN_DOCUMENTATION_COMMENTS = YES;
				CLANG_WARN_EMPTY_BODY = YES;
				CLANG_WARN_ENUM_CONVERSION = YES;
				CLANG_WARN_INFINITE_RECURSION = YES;
				CLANG_WARN_INT_CONVERSION = YES;
				CLANG_WARN_NON_LITERAL_NULL_CONVERSION = YES;
				CLANG_WARN_OBJC_IMPLICIT_RETAIN_SELF = YES;
				CLANG_WARN_OBJC_LITERAL_CONVERSION = YES;
				CLANG_WARN_OBJC_ROOT_CLASS = YES_ERROR;
				CLANG_WARN_QUOTED_INCLUDE_IN_FRAMEWORK_HEADER = YES;
				CLANG_WARN_RANGE_LOOP_ANALYSIS = YES;
				CLANG_WARN_STRICT_PROTOTYPES = YES;
				CLANG_WARN_SUSPICIOUS_MOVE = YES;
				CLANG_WARN_UNGUARDED_AVAILABILITY = YES_AGGRESSIVE;
				CLANG_WARN_UNREACHABLE_CODE = YES;
				CLANG_WARN__DUPLICATE_METHOD_MATCH = YES;
				COPY_PHASE_STRIP = NO;
				DEBUG_INFORMATION_FORMAT = "dwarf-with-dsym";
				ENABLE_NS_ASSERTIONS = NO;
				ENABLE_STRICT_OBJC_MSGSEND = YES;
				GCC_C_LANGUAGE_STANDARD = gnu11;
				GCC_NO_COMMON_BLOCKS = YES;
				GCC_WARN_64_TO_32_BIT_CONVERSION = YES;
				GCC_WARN_ABOUT_RETURN_TYPE = YES_ERROR;
				GCC_WARN_UNDECLARED_SELECTOR = YES;
				GCC_WARN_UNINITIALIZED_AUTOS = YES_AGGRESSIVE;
				GCC_WARN_UNUSED_FUNCTION = YES;
				GCC_WARN_UNUSED_VARIABLE = YES;
				IPHONEOS_DEPLOYMENT_TARGET = 15.2;
				MTL_ENABLE_DEBUG_INFO = NO;
				MTL_FAST_MATH = YES;
				SDKROOT = iphoneos;
				SWIFT_COMPILATION_MODE = wholemodule;
				SWIFT_OPTIMIZATION_LEVEL = "-O";
				VALIDATE_PRODUCT = YES;
			};
			name = Release;
		};
		B405B57627E9FD58006C3A0C /* Debug */ = {
			isa = XCBuildConfiguration;
			buildSettings = {
				ASSETCATALOG_COMPILER_APPICON_NAME = AppIcon;
				ASSETCATALOG_COMPILER_GLOBAL_ACCENT_COLOR_NAME = AccentColor;
				CODE_SIGN_STYLE = Automatic;
				CURRENT_PROJECT_VERSION = 1;
				GENERATE_INFOPLIST_FILE = YES;
				INFOPLIST_FILE = "RxSwift-MVVM-NewsAPI/Info.plist";
				INFOPLIST_KEY_UIApplicationSupportsIndirectInputEvents = YES;
				INFOPLIST_KEY_UILaunchStoryboardName = LaunchScreen;
				INFOPLIST_KEY_UIMainStoryboardFile = Main;
				INFOPLIST_KEY_UISupportedInterfaceOrientations_iPad = "UIInterfaceOrientationPortrait UIInterfaceOrientationPortraitUpsideDown UIInterfaceOrientationLandscapeLeft UIInterfaceOrientationLandscapeRight";
				INFOPLIST_KEY_UISupportedInterfaceOrientations_iPhone = "UIInterfaceOrientationPortrait UIInterfaceOrientationLandscapeLeft UIInterfaceOrientationLandscapeRight";
				LD_RUNPATH_SEARCH_PATHS = (
					"$(inherited)",
					"@executable_path/Frameworks",
				);
				MARKETING_VERSION = 1.0;
				PRODUCT_BUNDLE_IDENTIFIER = "swift-tk.RxSwift-MVVM-NewsAPI";
				PRODUCT_NAME = "$(TARGET_NAME)";
				SWIFT_EMIT_LOC_STRINGS = YES;
				SWIFT_VERSION = 5.0;
				TARGETED_DEVICE_FAMILY = "1,2";
			};
			name = Debug;
		};
		B405B57727E9FD58006C3A0C /* Release */ = {
			isa = XCBuildConfiguration;
			buildSettings = {
				ASSETCATALOG_COMPILER_APPICON_NAME = AppIcon;
				ASSETCATALOG_COMPILER_GLOBAL_ACCENT_COLOR_NAME = AccentColor;
				CODE_SIGN_STYLE = Automatic;
				CURRENT_PROJECT_VERSION = 1;
				GENERATE_INFOPLIST_FILE = YES;
				INFOPLIST_FILE = "RxSwift-MVVM-NewsAPI/Info.plist";
				INFOPLIST_KEY_UIApplicationSupportsIndirectInputEvents = YES;
				INFOPLIST_KEY_UILaunchStoryboardName = LaunchScreen;
				INFOPLIST_KEY_UIMainStoryboardFile = Main;
				INFOPLIST_KEY_UISupportedInterfaceOrientations_iPad = "UIInterfaceOrientationPortrait UIInterfaceOrientationPortraitUpsideDown UIInterfaceOrientationLandscapeLeft UIInterfaceOrientationLandscapeRight";
				INFOPLIST_KEY_UISupportedInterfaceOrientations_iPhone = "UIInterfaceOrientationPortrait UIInterfaceOrientationLandscapeLeft UIInterfaceOrientationLandscapeRight";
				LD_RUNPATH_SEARCH_PATHS = (
					"$(inherited)",
					"@executable_path/Frameworks",
				);
				MARKETING_VERSION = 1.0;
				PRODUCT_BUNDLE_IDENTIFIER = "swift-tk.RxSwift-MVVM-NewsAPI";
				PRODUCT_NAME = "$(TARGET_NAME)";
				SWIFT_EMIT_LOC_STRINGS = YES;
				SWIFT_VERSION = 5.0;
				TARGETED_DEVICE_FAMILY = "1,2";
			};
			name = Release;
		};
		B405B57927E9FD58006C3A0C /* Debug */ = {
			isa = XCBuildConfiguration;
			buildSettings = {
				ALWAYS_EMBED_SWIFT_STANDARD_LIBRARIES = YES;
				BUNDLE_LOADER = "$(TEST_HOST)";
				CODE_SIGN_STYLE = Automatic;
				CURRENT_PROJECT_VERSION = 1;
				GENERATE_INFOPLIST_FILE = YES;
				IPHONEOS_DEPLOYMENT_TARGET = 15.2;
				MARKETING_VERSION = 1.0;
				PRODUCT_BUNDLE_IDENTIFIER = "swift-tk.RxSwift-MVVM-NewsAPITests";
				PRODUCT_NAME = "$(TARGET_NAME)";
				SWIFT_EMIT_LOC_STRINGS = NO;
				SWIFT_VERSION = 5.0;
				TARGETED_DEVICE_FAMILY = "1,2";
				TEST_HOST = "$(BUILT_PRODUCTS_DIR)/RxSwift-MVVM-NewsAPI.app/RxSwift-MVVM-NewsAPI";
			};
			name = Debug;
		};
		B405B57A27E9FD58006C3A0C /* Release */ = {
			isa = XCBuildConfiguration;
			buildSettings = {
				ALWAYS_EMBED_SWIFT_STANDARD_LIBRARIES = YES;
				BUNDLE_LOADER = "$(TEST_HOST)";
				CODE_SIGN_STYLE = Automatic;
				CURRENT_PROJECT_VERSION = 1;
				GENERATE_INFOPLIST_FILE = YES;
				IPHONEOS_DEPLOYMENT_TARGET = 15.2;
				MARKETING_VERSION = 1.0;
				PRODUCT_BUNDLE_IDENTIFIER = "swift-tk.RxSwift-MVVM-NewsAPITests";
				PRODUCT_NAME = "$(TARGET_NAME)";
				SWIFT_EMIT_LOC_STRINGS = NO;
				SWIFT_VERSION = 5.0;
				TARGETED_DEVICE_FAMILY = "1,2";
				TEST_HOST = "$(BUILT_PRODUCTS_DIR)/RxSwift-MVVM-NewsAPI.app/RxSwift-MVVM-NewsAPI";
			};
			name = Release;
		};
		B405B57C27E9FD58006C3A0C /* Debug */ = {
			isa = XCBuildConfiguration;
			buildSettings = {
				ALWAYS_EMBED_SWIFT_STANDARD_LIBRARIES = YES;
				CODE_SIGN_STYLE = Automatic;
				CURRENT_PROJECT_VERSION = 1;
				GENERATE_INFOPLIST_FILE = YES;
				MARKETING_VERSION = 1.0;
				PRODUCT_BUNDLE_IDENTIFIER = "swift-tk.RxSwift-MVVM-NewsAPIUITests";
				PRODUCT_NAME = "$(TARGET_NAME)";
				SWIFT_EMIT_LOC_STRINGS = NO;
				SWIFT_VERSION = 5.0;
				TARGETED_DEVICE_FAMILY = "1,2";
				TEST_TARGET_NAME = "RxSwift-MVVM-NewsAPI";
			};
			name = Debug;
		};
		B405B57D27E9FD58006C3A0C /* Release */ = {
			isa = XCBuildConfiguration;
			buildSettings = {
				ALWAYS_EMBED_SWIFT_STANDARD_LIBRARIES = YES;
				CODE_SIGN_STYLE = Automatic;
				CURRENT_PROJECT_VERSION = 1;
				GENERATE_INFOPLIST_FILE = YES;
				MARKETING_VERSION = 1.0;
				PRODUCT_BUNDLE_IDENTIFIER = "swift-tk.RxSwift-MVVM-NewsAPIUITests";
				PRODUCT_NAME = "$(TARGET_NAME)";
				SWIFT_EMIT_LOC_STRINGS = NO;
				SWIFT_VERSION = 5.0;
				TARGETED_DEVICE_FAMILY = "1,2";
				TEST_TARGET_NAME = "RxSwift-MVVM-NewsAPI";
			};
			name = Release;
		};
/* End XCBuildConfiguration section */

/* Begin XCConfigurationList section */
		B405B54627E9FD52006C3A0C /* Build configuration list for PBXProject "RxSwift-MVVM-NewsAPI" */ = {
			isa = XCConfigurationList;
			buildConfigurations = (
				B405B57327E9FD58006C3A0C /* Debug */,
				B405B57427E9FD58006C3A0C /* Release */,
			);
			defaultConfigurationIsVisible = 0;
			defaultConfigurationName = Release;
		};
		B405B57527E9FD58006C3A0C /* Build configuration list for PBXNativeTarget "RxSwift-MVVM-NewsAPI" */ = {
			isa = XCConfigurationList;
			buildConfigurations = (
				B405B57627E9FD58006C3A0C /* Debug */,
				B405B57727E9FD58006C3A0C /* Release */,
			);
			defaultConfigurationIsVisible = 0;
			defaultConfigurationName = Release;
		};
		B405B57827E9FD58006C3A0C /* Build configuration list for PBXNativeTarget "RxSwift-MVVM-NewsAPITests" */ = {
			isa = XCConfigurationList;
			buildConfigurations = (
				B405B57927E9FD58006C3A0C /* Debug */,
				B405B57A27E9FD58006C3A0C /* Release */,
			);
			defaultConfigurationIsVisible = 0;
			defaultConfigurationName = Release;
		};
		B405B57B27E9FD58006C3A0C /* Build configuration list for PBXNativeTarget "RxSwift-MVVM-NewsAPIUITests" */ = {
			isa = XCConfigurationList;
			buildConfigurations = (
				B405B57C27E9FD58006C3A0C /* Debug */,
				B405B57D27E9FD58006C3A0C /* Release */,
			);
			defaultConfigurationIsVisible = 0;
			defaultConfigurationName = Release;
		};
/* End XCConfigurationList section */
	};
	rootObject = B405B54327E9FD52006C3A0C /* Project object */;
}
